{
  "version": 4,
  "terraform_version": "1.10.3",
  "serial": 72,
  "lineage": "886a9c4c-26c0-8825-a669-dbd2d4ecd4f9",
  "outputs": {
    "app_gateway_public_ip": {
      "value": "172.172.150.94",
      "type": "string"
    }
  },
  "resources": [
    {
      "mode": "managed",
      "type": "azurerm_application_gateway",
      "name": "app_gw",
      "provider": "provider[\"registry.terraform.io/hashicorp/azurerm\"]",
      "instances": [
        {
          "schema_version": 0,
          "attributes": {
            "authentication_certificate": [],
            "autoscale_configuration": [],
            "backend_address_pool": [
              {
                "fqdns": [],
                "id": "/subscriptions/b33df9a8-3527-4fa1-bd2b-37396e6a6348/resourceGroups/rg-3tier-terraform/providers/Microsoft.Network/applicationGateways/agw-3tier/backendAddressPools/10.0.1.4-beap",
                "ip_addresses": [
                  "10.0.1.4"
                ],
                "name": "10.0.1.4-beap"
              }
            ],
            "backend_http_settings": [
              {
                "affinity_cookie_name": "",
                "authentication_certificate": [],
                "connection_draining": [],
                "cookie_based_affinity": "Disabled",
                "host_name": "",
                "id": "/subscriptions/b33df9a8-3527-4fa1-bd2b-37396e6a6348/resourceGroups/rg-3tier-terraform/providers/Microsoft.Network/applicationGateways/agw-3tier/backendHttpSettingsCollection/backendhttp",
                "name": "backendhttp",
                "path": "",
                "pick_host_name_from_backend_address": false,
                "port": 80,
                "probe_id": "",
                "probe_name": "",
                "protocol": "Http",
                "request_timeout": 30,
                "trusted_root_certificate_names": []
              }
            ],
            "custom_error_configuration": [],
            "enable_http2": false,
            "fips_enabled": false,
            "firewall_policy_id": null,
            "force_firewall_policy_association": false,
            "frontend_ip_configuration": [
              {
                "id": "/subscriptions/b33df9a8-3527-4fa1-bd2b-37396e6a6348/resourceGroups/rg-3tier-terraform/providers/Microsoft.Network/applicationGateways/agw-3tier/frontendIPConfigurations/frontendip",
                "name": "frontendip",
                "private_ip_address": "",
                "private_ip_address_allocation": "Dynamic",
                "private_link_configuration_id": "",
                "private_link_configuration_name": "",
                "public_ip_address_id": "/subscriptions/b33df9a8-3527-4fa1-bd2b-37396e6a6348/resourceGroups/rg-3tier-terraform/providers/Microsoft.Network/publicIPAddresses/pip-appgw",
                "subnet_id": ""
              }
            ],
            "frontend_port": [
              {
                "id": "/subscriptions/b33df9a8-3527-4fa1-bd2b-37396e6a6348/resourceGroups/rg-3tier-terraform/providers/Microsoft.Network/applicationGateways/agw-3tier/frontendPorts/port80",
                "name": "port80",
                "port": 80
              }
            ],
            "gateway_ip_configuration": [
              {
                "id": "/subscriptions/b33df9a8-3527-4fa1-bd2b-37396e6a6348/resourceGroups/rg-3tier-terraform/providers/Microsoft.Network/applicationGateways/agw-3tier/gatewayIPConfigurations/gwipconfig",
                "name": "gwipconfig",
                "subnet_id": "/subscriptions/b33df9a8-3527-4fa1-bd2b-37396e6a6348/resourceGroups/rg-3tier-terraform/providers/Microsoft.Network/virtualNetworks/vnet-3tier/subnets/subnet-appgw"
              }
            ],
            "http_listener": [
              {
                "custom_error_configuration": [],
                "firewall_policy_id": "",
                "frontend_ip_configuration_id": "/subscriptions/b33df9a8-3527-4fa1-bd2b-37396e6a6348/resourceGroups/rg-3tier-terraform/providers/Microsoft.Network/applicationGateways/agw-3tier/frontendIPConfigurations/frontendip",
                "frontend_ip_configuration_name": "frontendip",
                "frontend_port_id": "/subscriptions/b33df9a8-3527-4fa1-bd2b-37396e6a6348/resourceGroups/rg-3tier-terraform/providers/Microsoft.Network/applicationGateways/agw-3tier/frontendPorts/port80",
                "frontend_port_name": "port80",
                "host_name": "",
                "host_names": [],
                "id": "/subscriptions/b33df9a8-3527-4fa1-bd2b-37396e6a6348/resourceGroups/rg-3tier-terraform/providers/Microsoft.Network/applicationGateways/agw-3tier/httpListeners/httplistener",
                "name": "httplistener",
                "protocol": "Http",
                "require_sni": false,
                "ssl_certificate_id": "",
                "ssl_certificate_name": "",
                "ssl_profile_id": "",
                "ssl_profile_name": ""
              }
            ],
            "id": "/subscriptions/b33df9a8-3527-4fa1-bd2b-37396e6a6348/resourceGroups/rg-3tier-terraform/providers/Microsoft.Network/applicationGateways/agw-3tier",
            "identity": [],
            "location": "eastus",
            "name": "agw-3tier",
            "private_endpoint_connection": [],
            "private_link_configuration": [],
            "probe": [],
            "redirect_configuration": [],
            "request_routing_rule": [
              {
                "backend_address_pool_id": "/subscriptions/b33df9a8-3527-4fa1-bd2b-37396e6a6348/resourceGroups/rg-3tier-terraform/providers/Microsoft.Network/applicationGateways/agw-3tier/backendAddressPools/10.0.1.4-beap",
                "backend_address_pool_name": "10.0.1.4-beap",
                "backend_http_settings_id": "/subscriptions/b33df9a8-3527-4fa1-bd2b-37396e6a6348/resourceGroups/rg-3tier-terraform/providers/Microsoft.Network/applicationGateways/agw-3tier/backendHttpSettingsCollection/backendhttp",
                "backend_http_settings_name": "backendhttp",
                "http_listener_id": "/subscriptions/b33df9a8-3527-4fa1-bd2b-37396e6a6348/resourceGroups/rg-3tier-terraform/providers/Microsoft.Network/applicationGateways/agw-3tier/httpListeners/httplistener",
                "http_listener_name": "httplistener",
                "id": "/subscriptions/b33df9a8-3527-4fa1-bd2b-37396e6a6348/resourceGroups/rg-3tier-terraform/providers/Microsoft.Network/applicationGateways/agw-3tier/requestRoutingRules/routingrule",
                "name": "routingrule",
                "priority": 0,
                "redirect_configuration_id": "",
                "redirect_configuration_name": "",
                "rewrite_rule_set_id": "",
                "rewrite_rule_set_name": "",
                "rule_type": "Basic",
                "url_path_map_id": "",
                "url_path_map_name": ""
              }
            ],
            "resource_group_name": "rg-3tier-terraform",
            "rewrite_rule_set": [],
            "sku": [
              {
                "capacity": 2,
                "name": "WAF_v2",
                "tier": "WAF_v2"
              }
            ],
            "ssl_certificate": [],
            "ssl_policy": [
              {
                "cipher_suites": [],
                "disabled_protocols": [],
                "min_protocol_version": "",
                "policy_name": "AppGwSslPolicy20150501",
                "policy_type": "Predefined"
              }
            ],
            "ssl_profile": [],
            "tags": null,
            "timeouts": null,
            "trusted_client_certificate": [],
            "trusted_root_certificate": [],
            "url_path_map": [],
            "waf_configuration": [
              {
                "disabled_rule_group": [],
                "enabled": false,
                "exclusion": [],
                "file_upload_limit_mb": 100,
                "firewall_mode": "Prevention",
                "max_request_body_size_kb": 128,
                "request_body_check": true,
                "rule_set_type": "OWASP",
                "rule_set_version": "3.2"
              }
            ],
            "zones": null
          },
          "sensitive_attributes": [],
          "private": "eyJlMmJmYjczMC1lY2FhLTExZTYtOGY4OC0zNDM2M2JjN2M0YzAiOnsiY3JlYXRlIjo1NDAwMDAwMDAwMDAwLCJkZWxldGUiOjU0MDAwMDAwMDAwMDAsInJlYWQiOjMwMDAwMDAwMDAwMCwidXBkYXRlIjo1NDAwMDAwMDAwMDAwfX0=",
          "dependencies": [
            "azurerm_network_interface.app_nic",
            "azurerm_public_ip.appgw_public_ip",
            "azurerm_resource_group.rg",
            "azurerm_subnet.subnet_app",
            "azurerm_subnet.subnet_appgw",
            "azurerm_virtual_network.vnet"
          ]
        }
      ]
    },
    {
      "mode": "managed",
      "type": "azurerm_linux_virtual_machine",
      "name": "app_vm",
      "provider": "provider[\"registry.terraform.io/hashicorp/azurerm\"]",
      "instances": [
        {
          "schema_version": 0,
          "attributes": {
            "additional_capabilities": [],
            "admin_password": null,
            "admin_ssh_key": [
              {
                "public_key": "ssh-rsa AAAAB3NzaC1yc2EAAAADAQABAAABAQDUt7p+IzcV1bEdlkI9q9FLZo6S0S9ef3uvy3QEAxtCFPRRojPgmJpJodv9FWzZu7FR1eRkVnAUVa8Lh1uFJ6ssMYIb6toqByai72zsm/0klOn/mthq0tvFHVvdwp7pk0wLMeht922/s1MvkuVjEFzAOmTxTUwNDfz+KorxtW9M1VWTJ+LuL80k1WWCQDpGg5Ytss/k/kNOd5ye7xEj32kSyNmizDLK8bpB6/kUbHrKj3ohjwgT59TVxRLyWeLdkcRC3cYHARYqG7DBViTbijkOJSJ11qO8bk3ogxk0xf8jJGqNceoLPEA8wHEmwMX2u27noWVhEz4hRlx9J5yL6s7v amina@Aminas-MacBook-Air.local\n",
                "username": "azureuser"
              }
            ],
            "admin_username": "azureuser",
            "allow_extension_operations": true,
            "availability_set_id": "",
            "boot_diagnostics": [],
            "computer_name": "vm-app-tier",
            "custom_data": "IyEvYmluL2Jhc2gKc3VkbyBhcHQtZ2V0IHVwZGF0ZSAteQpzdWRvIGFwdC1nZXQgaW5zdGFsbCBhcGFjaGUyIC15CmVjaG8gIjxoMT5XZWxjb21lIHRvIHRoZSAzLXRpZXIgRGVtbyE8L2gxPiIgfCBzdWRvIHRlZSAvdmFyL3d3dy9odG1sL2luZGV4Lmh0bWwKc3VkbyBzeXN0ZW1jdGwgZW5hYmxlIGFwYWNoZTIKc3VkbyBzeXN0ZW1jdGwgc3RhcnQgYXBhY2hlMgo=",
            "dedicated_host_group_id": "",
            "dedicated_host_id": "",
            "disable_password_authentication": true,
            "edge_zone": "",
            "encryption_at_host_enabled": false,
            "eviction_policy": "",
            "extensions_time_budget": "PT1H30M",
            "id": "/subscriptions/b33df9a8-3527-4fa1-bd2b-37396e6a6348/resourceGroups/rg-3tier-terraform/providers/Microsoft.Compute/virtualMachines/vm-app-tier",
            "identity": [],
            "license_type": "",
            "location": "eastus",
            "max_bid_price": -1,
            "name": "vm-app-tier",
            "network_interface_ids": [
              "/subscriptions/b33df9a8-3527-4fa1-bd2b-37396e6a6348/resourceGroups/rg-3tier-terraform/providers/Microsoft.Network/networkInterfaces/nic-app-vm"
            ],
            "os_disk": [
              {
                "caching": "ReadWrite",
                "diff_disk_settings": [],
                "disk_encryption_set_id": "",
                "disk_size_gb": 30,
                "name": "osdisk-app-vm",
                "storage_account_type": "Standard_LRS",
                "write_accelerator_enabled": false
              }
            ],
            "patch_mode": "ImageDefault",
            "plan": [],
            "platform_fault_domain": -1,
            "priority": "Regular",
            "private_ip_address": "10.0.1.4",
            "private_ip_addresses": [
              "10.0.1.4"
            ],
            "provision_vm_agent": true,
            "proximity_placement_group_id": "",
            "public_ip_address": "",
            "public_ip_addresses": [],
            "resource_group_name": "rg-3tier-terraform",
            "secret": [],
            "secure_boot_enabled": false,
            "size": "Standard_B1s",
            "source_image_id": "",
            "source_image_reference": [
              {
                "offer": "0001-com-ubuntu-server-focal",
                "publisher": "Canonical",
                "sku": "20_04-lts",
                "version": "latest"
              }
            ],
            "tags": null,
            "termination_notification": null,
            "timeouts": null,
            "user_data": "",
            "virtual_machine_id": "04971129-f666-465f-a964-7d56565ac074",
            "virtual_machine_scale_set_id": "",
            "vtpm_enabled": false,
            "zone": ""
          },
          "sensitive_attributes": [
            [
              {
                "type": "get_attr",
                "value": "admin_password"
              }
            ],
            [
              {
                "type": "get_attr",
                "value": "custom_data"
              }
            ]
          ],
          "private": "eyJlMmJmYjczMC1lY2FhLTExZTYtOGY4OC0zNDM2M2JjN2M0YzAiOnsiY3JlYXRlIjoyNzAwMDAwMDAwMDAwLCJkZWxldGUiOjI3MDAwMDAwMDAwMDAsInJlYWQiOjMwMDAwMDAwMDAwMCwidXBkYXRlIjoyNzAwMDAwMDAwMDAwfX0=",
          "dependencies": [
            "azurerm_network_interface.app_nic",
            "azurerm_resource_group.rg",
            "azurerm_subnet.subnet_app",
            "azurerm_virtual_network.vnet"
          ]
        }
      ]
    },
    {
      "mode": "managed",
      "type": "azurerm_network_interface",
      "name": "app_nic",
      "provider": "provider[\"registry.terraform.io/hashicorp/azurerm\"]",
      "instances": [
        {
          "schema_version": 0,
          "attributes": {
            "applied_dns_servers": [],
            "dns_servers": [],
            "edge_zone": "",
            "enable_accelerated_networking": false,
            "enable_ip_forwarding": false,
            "id": "/subscriptions/b33df9a8-3527-4fa1-bd2b-37396e6a6348/resourceGroups/rg-3tier-terraform/providers/Microsoft.Network/networkInterfaces/nic-app-vm",
            "internal_dns_name_label": "",
            "internal_domain_name_suffix": "ykscxmugyqyujddqhyg0mfpqcb.bx.internal.cloudapp.net",
            "ip_configuration": [
              {
                "gateway_load_balancer_frontend_ip_configuration_id": "",
                "name": "ipconfig1",
                "primary": true,
                "private_ip_address": "10.0.1.4",
                "private_ip_address_allocation": "Dynamic",
                "private_ip_address_version": "IPv4",
                "public_ip_address_id": "",
                "subnet_id": "/subscriptions/b33df9a8-3527-4fa1-bd2b-37396e6a6348/resourceGroups/rg-3tier-terraform/providers/Microsoft.Network/virtualNetworks/vnet-3tier/subnets/subnet-app"
              }
            ],
            "location": "eastus",
            "mac_address": "",
            "name": "nic-app-vm",
            "private_ip_address": "10.0.1.4",
            "private_ip_addresses": [
              "10.0.1.4"
            ],
            "resource_group_name": "rg-3tier-terraform",
            "tags": null,
            "timeouts": null,
            "virtual_machine_id": ""
          },
          "sensitive_attributes": [],
          "private": "eyJlMmJmYjczMC1lY2FhLTExZTYtOGY4OC0zNDM2M2JjN2M0YzAiOnsiY3JlYXRlIjoxODAwMDAwMDAwMDAwLCJkZWxldGUiOjE4MDAwMDAwMDAwMDAsInJlYWQiOjMwMDAwMDAwMDAwMCwidXBkYXRlIjoxODAwMDAwMDAwMDAwfX0=",
          "dependencies": [
            "azurerm_resource_group.rg",
            "azurerm_subnet.subnet_app",
            "azurerm_virtual_network.vnet"
          ]
        }
      ]
    },
    {
      "mode": "managed",
      "type": "azurerm_public_ip",
      "name": "appgw_public_ip",
      "provider": "provider[\"registry.terraform.io/hashicorp/azurerm\"]",
      "instances": [
        {
          "schema_version": 0,
          "attributes": {
            "allocation_method": "Static",
            "domain_name_label": null,
            "edge_zone": "",
            "fqdn": null,
            "id": "/subscriptions/b33df9a8-3527-4fa1-bd2b-37396e6a6348/resourceGroups/rg-3tier-terraform/providers/Microsoft.Network/publicIPAddresses/pip-appgw",
            "idle_timeout_in_minutes": 4,
            "ip_address": "172.172.150.94",
            "ip_tags": null,
            "ip_version": "IPv4",
            "location": "eastus",
            "name": "pip-appgw",
            "public_ip_prefix_id": null,
            "resource_group_name": "rg-3tier-terraform",
            "reverse_fqdn": null,
            "sku": "Standard",
            "sku_tier": "Regional",
            "tags": null,
            "timeouts": null,
            "zones": null
          },
          "sensitive_attributes": [],
          "private": "eyJlMmJmYjczMC1lY2FhLTExZTYtOGY4OC0zNDM2M2JjN2M0YzAiOnsiY3JlYXRlIjoxODAwMDAwMDAwMDAwLCJkZWxldGUiOjE4MDAwMDAwMDAwMDAsInJlYWQiOjMwMDAwMDAwMDAwMCwidXBkYXRlIjoxODAwMDAwMDAwMDAwfX0=",
          "dependencies": [
            "azurerm_resource_group.rg"
          ]
        }
      ]
    },
    {
      "mode": "managed",
      "type": "azurerm_resource_group",
      "name": "rg",
      "provider": "provider[\"registry.terraform.io/hashicorp/azurerm\"]",
      "instances": [
        {
          "schema_version": 0,
          "attributes": {
            "id": "/subscriptions/b33df9a8-3527-4fa1-bd2b-37396e6a6348/resourceGroups/rg-3tier-terraform",
            "location": "eastus",
            "name": "rg-3tier-terraform",
            "tags": null,
            "timeouts": null
          },
          "sensitive_attributes": [],
          "private": "eyJlMmJmYjczMC1lY2FhLTExZTYtOGY4OC0zNDM2M2JjN2M0YzAiOnsiY3JlYXRlIjo1NDAwMDAwMDAwMDAwLCJkZWxldGUiOjU0MDAwMDAwMDAwMDAsInJlYWQiOjMwMDAwMDAwMDAwMCwidXBkYXRlIjo1NDAwMDAwMDAwMDAwfX0="
        }
      ]
    },
    {
      "mode": "managed",
      "type": "azurerm_subnet",
      "name": "subnet_app",
      "provider": "provider[\"registry.terraform.io/hashicorp/azurerm\"]",
      "instances": [
        {
          "schema_version": 0,
          "attributes": {
            "address_prefixes": [
              "10.0.1.0/24"
            ],
            "delegation": [],
            "enforce_private_link_endpoint_network_policies": false,
            "enforce_private_link_service_network_policies": false,
            "id": "/subscriptions/b33df9a8-3527-4fa1-bd2b-37396e6a6348/resourceGroups/rg-3tier-terraform/providers/Microsoft.Network/virtualNetworks/vnet-3tier/subnets/subnet-app",
            "name": "subnet-app",
            "resource_group_name": "rg-3tier-terraform",
            "service_endpoint_policy_ids": null,
            "service_endpoints": null,
            "timeouts": null,
            "virtual_network_name": "vnet-3tier"
          },
          "sensitive_attributes": [],
          "private": "eyJlMmJmYjczMC1lY2FhLTExZTYtOGY4OC0zNDM2M2JjN2M0YzAiOnsiY3JlYXRlIjoxODAwMDAwMDAwMDAwLCJkZWxldGUiOjE4MDAwMDAwMDAwMDAsInJlYWQiOjMwMDAwMDAwMDAwMCwidXBkYXRlIjoxODAwMDAwMDAwMDAwfX0=",
          "dependencies": [
            "azurerm_resource_group.rg",
            "azurerm_virtual_network.vnet"
          ]
        }
      ]
    },
    {
      "mode": "managed",
      "type": "azurerm_subnet",
      "name": "subnet_appgw",
      "provider": "provider[\"registry.terraform.io/hashicorp/azurerm\"]",
      "instances": [
        {
          "schema_version": 0,
          "attributes": {
            "address_prefixes": [
              "10.0.0.0/24"
            ],
            "delegation": [],
            "enforce_private_link_endpoint_network_policies": false,
            "enforce_private_link_service_network_policies": false,
            "id": "/subscriptions/b33df9a8-3527-4fa1-bd2b-37396e6a6348/resourceGroups/rg-3tier-terraform/providers/Microsoft.Network/virtualNetworks/vnet-3tier/subnets/subnet-appgw",
            "name": "subnet-appgw",
            "resource_group_name": "rg-3tier-terraform",
            "service_endpoint_policy_ids": null,
            "service_endpoints": null,
            "timeouts": null,
            "virtual_network_name": "vnet-3tier"
          },
          "sensitive_attributes": [],
          "private": "eyJlMmJmYjczMC1lY2FhLTExZTYtOGY4OC0zNDM2M2JjN2M0YzAiOnsiY3JlYXRlIjoxODAwMDAwMDAwMDAwLCJkZWxldGUiOjE4MDAwMDAwMDAwMDAsInJlYWQiOjMwMDAwMDAwMDAwMCwidXBkYXRlIjoxODAwMDAwMDAwMDAwfX0=",
          "dependencies": [
            "azurerm_resource_group.rg",
            "azurerm_virtual_network.vnet"
          ]
        }
      ]
    },
    {
      "mode": "managed",
      "type": "azurerm_virtual_network",
      "name": "vnet",
      "provider": "provider[\"registry.terraform.io/hashicorp/azurerm\"]",
      "instances": [
        {
          "schema_version": 0,
          "attributes": {
            "address_space": [
              "10.0.0.0/16"
            ],
            "bgp_community": "",
            "ddos_protection_plan": [],
            "dns_servers": [],
            "edge_zone": "",
            "flow_timeout_in_minutes": 0,
            "guid": "b22ba4c2-c486-4431-8c70-3e0da615f011",
            "id": "/subscriptions/b33df9a8-3527-4fa1-bd2b-37396e6a6348/resourceGroups/rg-3tier-terraform/providers/Microsoft.Network/virtualNetworks/vnet-3tier",
            "location": "eastus",
            "name": "vnet-3tier",
            "resource_group_name": "rg-3tier-terraform",
            "subnet": [],
            "tags": null,
            "timeouts": null
          },
          "sensitive_attributes": [],
          "private": "eyJlMmJmYjczMC1lY2FhLTExZTYtOGY4OC0zNDM2M2JjN2M0YzAiOnsiY3JlYXRlIjoxODAwMDAwMDAwMDAwLCJkZWxldGUiOjE4MDAwMDAwMDAwMDAsInJlYWQiOjMwMDAwMDAwMDAwMCwidXBkYXRlIjoxODAwMDAwMDAwMDAwfX0=",
          "dependencies": [
            "azurerm_resource_group.rg"
          ]
        }
      ]
    }
  ],
  "check_results": null
}
